# This file is autogenerated, do not edit; changes may be undone by the next 'dep ensure'.


[[projects]]
  digest = "1:baab02a9f8f46ac64bed54bc4bfffc6654080cbb183614eb3278a6170d6060fd"
  name = "github.com/ant0ine/go-json-rest"
  packages = [
    "rest",
    "rest/trie",
  ]
  pruneopts = "UT"
  revision = "ce4b71cdf7ba29ef443d704bd923f5bbf281ee30"
  version = "v3.3.2"

[[projects]]
  digest = "1:ffe5ba52b122a56df4f9854ea2918e0d9f86e74919db63dc138f8fee3253d3d6"
  name = "github.com/google/uuid"
  packages = ["."]
  pruneopts = "UT"
  revision = "0e4e31197428a347842d152773b4cace4645ca25"
  version = "v1.1.2"

[solve-meta]
  analyzer-name = "dep"
  analyzer-version = 1
  input-imports = [
    "github.com/ant0ine/go-json-rest/rest",
    "github.com/google/uuid",
  ]
  solver-name = "gps-cdcl"
  solver-version = 1
